
Microsoft Visual Studio Solution File, Format Version 12.00
# Visual Studio Version 17
VisualStudioVersion = 17.4.33213.308
MinimumVisualStudioVersion = 10.0.40219.1
Project("{FAE04EC0-301F-11D3-BF4B-00C04F79EFBC}") = "WpfApp1", "WpfApp1\WpfApp1.csproj", "{D2BCA005-79E1-4B95-9100-41797462D115}"
EndProject
Global
	GlobalSection(SolutionConfigurationPlatforms) = preSolution
		Debug|Any CPU = Debug|Any CPU
		Release|Any CPU = Release|Any CPU
	EndGlobalSection
	GlobalSection(ProjectConfigurationPlatforms) = postSolution
		{D2BCA005-79E1-4B95-9100-41797462D115}.Debug|Any CPU.ActiveCfg = Debug|Any CPU
		{D2BCA005-79E1-4B95-9100-41797462D115}.Debug|Any CPU.Build.0 = Debug|Any CPU
		{D2BCA005-79E1-4B95-9100-41797462D115}.Release|Any CPU.ActiveCfg = Release|Any CPU
		{D2BCA005-79E1-4B95-9100-41797462D115}.Release|Any CPU.Build.0 = Release|Any CPU
	EndGlobalSection
	GlobalSection(SolutionProperties) = preSolution
		HideSolutionNode = FALSE
	EndGlobalSection
	GlobalSection(ExtensibilityGlobals) = postSolution
		SolutionGuid = {675D240D-43EB-4B01-A149-5DF98114F247}
	EndGlobalSection
EndGlobal
